hash: 835cee624af02693c676f6331a94fad3bcdcd4d794fb53aff580a10e23624924
updated: 2017-02-12T16:34:37.775454471-05:00
imports:
- name: github.com/CyCoreSystems/ari
  version: 3741a2d61b0b17f9e22b1919b3992a9903460018
  subpackages:
  - client/native
  - stdbus
- name: github.com/fsnotify/fsnotify
  version: a904159b9206978bb6d53fcc7a769e5cd726c737
- name: github.com/hashicorp/hcl
  version: 372e8ddaa16fd67e371e9323807d056b799360af
  subpackages:
  - hcl/ast
  - hcl/parser
  - hcl/scanner
  - hcl/strconv
  - hcl/token
  - json/parser
  - json/scanner
  - json/token
- name: github.com/inconshreveable/mousetrap
  version: 76626ae9c91c4f2a10f34cad8ce83ea42c93bb75
- name: github.com/magiconair/properties
  version: b3b15ef068fd0b17ddf408a23669f20811d194d2
- name: github.com/mattn/go-colorable
  version: 5411d3eea5978e6cdc258b30de592b60df6aba96
- name: github.com/mattn/go-isatty
  version: 281032e84ae07510239465db46bf442aa44b953a
- name: github.com/mitchellh/mapstructure
  version: db1efb556f84b25a0a13a04aad883943538ad2e0
- name: github.com/nats-io/nats
  version: 61923ed1eaf8398000991fbbee2ef11ab5a5be0d
  subpackages:
  - encoders/builtin
  - util
- name: github.com/nats-io/nuid
  version: 289cccf02c178dc782430d534e3c1f5b72af807f
- name: github.com/pelletier/go-buffruneio
  version: df1e16fde7fc330a0ca68167c23bf7ed6ac31d6d
- name: github.com/pelletier/go-toml
  version: c9506ee96398e7571356462217b9e24d6a628d71
- name: github.com/pkg/errors
  version: 645ef00459ed84a119197bfb8d8205042c6df63d
- name: github.com/satori/go.uuid
  version: 879c5887cd475cd7864858769793b2ceb0d44feb
- name: github.com/spf13/afero
  version: 72b31426848c6ef12a7a8e216708cb0d1530f074
  subpackages:
  - mem
- name: github.com/spf13/cast
  version: d1139bab1c07d5ad390a65e7305876b3c1a8370b
- name: github.com/spf13/cobra
  version: b5d8e8f46a2f829f755b6e33b454e25c61c935e1
- name: github.com/spf13/jwalterweatherman
  version: fa7ca7e836cf3a8bb4ebf799f472c12d7e903d66
- name: github.com/spf13/pflag
  version: 9ff6c6923cfffbcd502984b8e0c80539a94968b7
- name: github.com/spf13/viper
  version: 5ed0fc31f7f453625df314d8e66b9791e8d13003
- name: golang.org/x/net
  version: 61557ac0112b576429a0df080e1c2cef5dfbb642
  subpackages:
  - context
  - websocket
- name: golang.org/x/sys
  version: aaabbdc969c3935a2a7f61efac801e7163c73a2a
  subpackages:
  - unix
- name: golang.org/x/text
  version: 06d6eba81293389cafdff7fca90d75592194b2d9
  subpackages:
  - transform
  - unicode/norm
- name: gopkg.in/inconshreveable/log15.v2
  version: b105bd37f74e5d9dc7b6ad7806715c7a2b83fd3f
  subpackages:
  - stack
  - term
- name: gopkg.in/yaml.v2
  version: a3f3340b5840cee44f372bddb5880fcbc419b46a
testImports: []
